
Microsoft Visual Studio Solution File, Format Version 12.00
# Visual Studio 14
VisualStudioVersion = 14.0.25420.1
MinimumVisualStudioVersion = 10.0.40219.1
Project("{FAE04EC0-301F-11D3-BF4B-00C04F79EFBC}") = "FCP.Configuration.Core", "src\FCP.Configuration.Core\FCP.Configuration.Core.csproj", "{F47E82AA-32DE-4E5E-B9AC-C958611D817B}"
EndProject
Project("{FAE04EC0-301F-11D3-BF4B-00C04F79EFBC}") = "FCP.Configuration.Test", "src\FCP.Configuration.Test\FCP.Configuration.Test.csproj", "{E615469E-DED8-4F60-AA2F-2E71CAB3171D}"
EndProject
Project("{FAE04EC0-301F-11D3-BF4B-00C04F79EFBC}") = "FCP.Configuration.Consul", "src\FCP.Configuration.Consul\FCP.Configuration.Consul.csproj", "{10CC3B61-6AE6-4E1A-934B-358D1FF2D327}"
EndProject
Project("{FAE04EC0-301F-11D3-BF4B-00C04F79EFBC}") = "FCP.Configuration.Cluster", "src\FCP.Configuration.Cluster\FCP.Configuration.Cluster.csproj", "{A1A21D53-A729-4BAE-9E84-41FBD6EA5642}"
EndProject
Project("{FAE04EC0-301F-11D3-BF4B-00C04F79EFBC}") = "FCP.Configuration.Exceptionless", "src\FCP.Configuration.Exceptionless\FCP.Configuration.Exceptionless.csproj", "{8FBAF1E9-9CCB-48F4-BFA7-B5874B7BD548}"
EndProject
Project("{FAE04EC0-301F-11D3-BF4B-00C04F79EFBC}") = "FCP.Configuration.AppSettings", "src\FCP.Configuration.AppSettings\FCP.Configuration.AppSettings.csproj", "{D07BBE3F-DBE8-4D46-A189-C14B5ADD766C}"
EndProject
Global
	GlobalSection(SolutionConfigurationPlatforms) = preSolution
		Debug|Any CPU = Debug|Any CPU
		Release|Any CPU = Release|Any CPU
	EndGlobalSection
	GlobalSection(ProjectConfigurationPlatforms) = postSolution
		{F47E82AA-32DE-4E5E-B9AC-C958611D817B}.Debug|Any CPU.ActiveCfg = Debug|Any CPU
		{F47E82AA-32DE-4E5E-B9AC-C958611D817B}.Debug|Any CPU.Build.0 = Debug|Any CPU
		{F47E82AA-32DE-4E5E-B9AC-C958611D817B}.Release|Any CPU.ActiveCfg = Release|Any CPU
		{F47E82AA-32DE-4E5E-B9AC-C958611D817B}.Release|Any CPU.Build.0 = Release|Any CPU
		{E615469E-DED8-4F60-AA2F-2E71CAB3171D}.Debug|Any CPU.ActiveCfg = Debug|Any CPU
		{E615469E-DED8-4F60-AA2F-2E71CAB3171D}.Debug|Any CPU.Build.0 = Debug|Any CPU
		{E615469E-DED8-4F60-AA2F-2E71CAB3171D}.Release|Any CPU.ActiveCfg = Release|Any CPU
		{E615469E-DED8-4F60-AA2F-2E71CAB3171D}.Release|Any CPU.Build.0 = Release|Any CPU
		{10CC3B61-6AE6-4E1A-934B-358D1FF2D327}.Debug|Any CPU.ActiveCfg = Debug|Any CPU
		{10CC3B61-6AE6-4E1A-934B-358D1FF2D327}.Debug|Any CPU.Build.0 = Debug|Any CPU
		{10CC3B61-6AE6-4E1A-934B-358D1FF2D327}.Release|Any CPU.ActiveCfg = Release|Any CPU
		{10CC3B61-6AE6-4E1A-934B-358D1FF2D327}.Release|Any CPU.Build.0 = Release|Any CPU
		{A1A21D53-A729-4BAE-9E84-41FBD6EA5642}.Debug|Any CPU.ActiveCfg = Debug|Any CPU
		{A1A21D53-A729-4BAE-9E84-41FBD6EA5642}.Debug|Any CPU.Build.0 = Debug|Any CPU
		{A1A21D53-A729-4BAE-9E84-41FBD6EA5642}.Release|Any CPU.ActiveCfg = Release|Any CPU
		{A1A21D53-A729-4BAE-9E84-41FBD6EA5642}.Release|Any CPU.Build.0 = Release|Any CPU
		{8FBAF1E9-9CCB-48F4-BFA7-B5874B7BD548}.Debug|Any CPU.ActiveCfg = Debug|Any CPU
		{8FBAF1E9-9CCB-48F4-BFA7-B5874B7BD548}.Debug|Any CPU.Build.0 = Debug|Any CPU
		{8FBAF1E9-9CCB-48F4-BFA7-B5874B7BD548}.Release|Any CPU.ActiveCfg = Release|Any CPU
		{8FBAF1E9-9CCB-48F4-BFA7-B5874B7BD548}.Release|Any CPU.Build.0 = Release|Any CPU
		{D07BBE3F-DBE8-4D46-A189-C14B5ADD766C}.Debug|Any CPU.ActiveCfg = Debug|Any CPU
		{D07BBE3F-DBE8-4D46-A189-C14B5ADD766C}.Debug|Any CPU.Build.0 = Debug|Any CPU
		{D07BBE3F-DBE8-4D46-A189-C14B5ADD766C}.Release|Any CPU.ActiveCfg = Release|Any CPU
		{D07BBE3F-DBE8-4D46-A189-C14B5ADD766C}.Release|Any CPU.Build.0 = Release|Any CPU
	EndGlobalSection
	GlobalSection(SolutionProperties) = preSolution
		HideSolutionNode = FALSE
	EndGlobalSection
EndGlobal
